
Microsoft Visual Studio Solution File, Format Version 12.00
# Visual Studio Version 16
VisualStudioVersion = 16.0.30114.105
MinimumVisualStudioVersion = 10.0.40219.1
Project("{2150E333-8FDC-42A3-9474-1A3956D46DE8}") = "src", "src", "{DCA4F1C9-E311-4583-A439-09140C4590A3}"
EndProject
Project("{FAE04EC0-301F-11D3-BF4B-00C04F79EFBC}") = "Transportation.Api", "src\Transportation.Api\Transportation.Api.csproj", "{5CD49E85-BE74-474E-BA66-EF64D98C01FA}"
EndProject
Global
	GlobalSection(SolutionConfigurationPlatforms) = preSolution
		Debug|Any CPU = Debug|Any CPU
		Release|Any CPU = Release|Any CPU
	EndGlobalSection
	GlobalSection(SolutionProperties) = preSolution
		HideSolutionNode = FALSE
	EndGlobalSection
	GlobalSection(ProjectConfigurationPlatforms) = postSolution
		{5CD49E85-BE74-474E-BA66-EF64D98C01FA}.Debug|Any CPU.ActiveCfg = Debug|Any CPU
		{5CD49E85-BE74-474E-BA66-EF64D98C01FA}.Debug|Any CPU.Build.0 = Debug|Any CPU
		{5CD49E85-BE74-474E-BA66-EF64D98C01FA}.Release|Any CPU.ActiveCfg = Release|Any CPU
		{5CD49E85-BE74-474E-BA66-EF64D98C01FA}.Release|Any CPU.Build.0 = Release|Any CPU
	EndGlobalSection
	GlobalSection(NestedProjects) = preSolution
		{5CD49E85-BE74-474E-BA66-EF64D98C01FA} = {DCA4F1C9-E311-4583-A439-09140C4590A3}
	EndGlobalSection
EndGlobal
